
Microsoft Visual Studio Solution File, Format Version 12.00
# Visual Studio Version 17
VisualStudioVersion = 17.5.002.0
MinimumVisualStudioVersion = 10.0.40219.1
Project("{9A19103F-16F7-4668-BE54-9A1E7A4F7556}") = "Shapes", "Shapes.csproj", "{84E3117E-605B-4636-914E-8358DCAA07F2}"
EndProject
Global
	GlobalSection(SolutionConfigurationPlatforms) = preSolution
		Debug|Any CPU = Debug|Any CPU
		Release|Any CPU = Release|Any CPU
	EndGlobalSection
	GlobalSection(ProjectConfigurationPlatforms) = postSolution
		{84E3117E-605B-4636-914E-8358DCAA07F2}.Debug|Any CPU.ActiveCfg = Debug|Any CPU
		{84E3117E-605B-4636-914E-8358DCAA07F2}.Debug|Any CPU.Build.0 = Debug|Any CPU
		{84E3117E-605B-4636-914E-8358DCAA07F2}.Release|Any CPU.ActiveCfg = Release|Any CPU
		{84E3117E-605B-4636-914E-8358DCAA07F2}.Release|Any CPU.Build.0 = Release|Any CPU
	EndGlobalSection
	GlobalSection(SolutionProperties) = preSolution
		HideSolutionNode = FALSE
	EndGlobalSection
	GlobalSection(ExtensibilityGlobals) = postSolution
		SolutionGuid = {1897FD64-16E8-468D-AB60-96FAACC571D2}
	EndGlobalSection
EndGlobal
