
Microsoft Visual Studio Solution File, Format Version 12.00
# Visual Studio Version 17
VisualStudioVersion = 17.5.002.0
MinimumVisualStudioVersion = 10.0.40219.1
Project("{9A19103F-16F7-4668-BE54-9A1E7A4F7556}") = "4", "4.csproj", "{736524B2-111A-48A6-83B7-82345B01A119}"
EndProject
Global
	GlobalSection(SolutionConfigurationPlatforms) = preSolution
		Debug|Any CPU = Debug|Any CPU
		Release|Any CPU = Release|Any CPU
	EndGlobalSection
	GlobalSection(ProjectConfigurationPlatforms) = postSolution
		{736524B2-111A-48A6-83B7-82345B01A119}.Debug|Any CPU.ActiveCfg = Debug|Any CPU
		{736524B2-111A-48A6-83B7-82345B01A119}.Debug|Any CPU.Build.0 = Debug|Any CPU
		{736524B2-111A-48A6-83B7-82345B01A119}.Release|Any CPU.ActiveCfg = Release|Any CPU
		{736524B2-111A-48A6-83B7-82345B01A119}.Release|Any CPU.Build.0 = Release|Any CPU
	EndGlobalSection
	GlobalSection(SolutionProperties) = preSolution
		HideSolutionNode = FALSE
	EndGlobalSection
	GlobalSection(ExtensibilityGlobals) = postSolution
		SolutionGuid = {DA61D17B-F5C1-4D72-949D-C6EC453E3B73}
	EndGlobalSection
EndGlobal
