
Microsoft Visual Studio Solution File, Format Version 12.00
# Visual Studio Version 17
VisualStudioVersion = 17.13.35806.99 d17.13
MinimumVisualStudioVersion = 10.0.40219.1
Project("{D2ABAB84-BF74-430A-B69E-9DC6D40DDA17}") = "eCommerceTransactions", "eCommerceTransactions.dwproj", "{8471B842-6AD2-4D02-37F2-A4F92B8A4AFB}"
EndProject
Project("{2150E333-8FDC-42A3-9474-1A3956D46DE8}") = "Dataset", "Dataset", "{02EA681E-C7D8-13C7-8484-4AC65E1B71E8}"
	ProjectSection(SolutionItems) = preProject
		Dataset\Customers.csv = Dataset\Customers.csv
		Dataset\EverMart_Online_Transactions.xlsx = Dataset\EverMart_Online_Transactions.xlsx
		Dataset\Products.csv = Dataset\Products.csv
		Dataset\Transactions.csv = Dataset\Transactions.csv
	EndProjectSection
EndProject
Global
	GlobalSection(SolutionConfigurationPlatforms) = preSolution
		Development|Default = Development|Default
	EndGlobalSection
	GlobalSection(ProjectConfigurationPlatforms) = postSolution
		{8471B842-6AD2-4D02-37F2-A4F92B8A4AFB}.Development|Default.ActiveCfg = Development
		{8471B842-6AD2-4D02-37F2-A4F92B8A4AFB}.Development|Default.Build.0 = Development
		{8471B842-6AD2-4D02-37F2-A4F92B8A4AFB}.Development|Default.Deploy.0 = Development
	EndGlobalSection
	GlobalSection(SolutionProperties) = preSolution
		HideSolutionNode = FALSE
	EndGlobalSection
	GlobalSection(ExtensibilityGlobals) = postSolution
		SolutionGuid = {95714AE5-89BF-4FC0-9C86-650830E534B8}
	EndGlobalSection
EndGlobal
