
Microsoft Visual Studio Solution File, Format Version 12.00
# Visual Studio Version 17
VisualStudioVersion = 17.11.35312.102
MinimumVisualStudioVersion = 10.0.40219.1
Project("{FAE04EC0-301F-11D3-BF4B-00C04F79EFBC}") = "2", "2.csproj", "{888B197D-2451-4062-8157-6344DE2B80FF}"
EndProject
Global
	GlobalSection(SolutionConfigurationPlatforms) = preSolution
		Debug|Any CPU = Debug|Any CPU
		Release|Any CPU = Release|Any CPU
	EndGlobalSection
	GlobalSection(ProjectConfigurationPlatforms) = postSolution
		{888B197D-2451-4062-8157-6344DE2B80FF}.Debug|Any CPU.ActiveCfg = Debug|Any CPU
		{888B197D-2451-4062-8157-6344DE2B80FF}.Debug|Any CPU.Build.0 = Debug|Any CPU
		{888B197D-2451-4062-8157-6344DE2B80FF}.Release|Any CPU.ActiveCfg = Release|Any CPU
		{888B197D-2451-4062-8157-6344DE2B80FF}.Release|Any CPU.Build.0 = Release|Any CPU
	EndGlobalSection
	GlobalSection(SolutionProperties) = preSolution
		HideSolutionNode = FALSE
	EndGlobalSection
	GlobalSection(ExtensibilityGlobals) = postSolution
		SolutionGuid = {12CC8717-AE06-4B15-90C4-513C7E955617}
	EndGlobalSection
EndGlobal
