
Microsoft Visual Studio Solution File, Format Version 12.00
# Visual Studio Version 17
VisualStudioVersion = 17.5.002.0
MinimumVisualStudioVersion = 10.0.40219.1
Project("{9A19103F-16F7-4668-BE54-9A1E7A4F7556}") = "Command", "Command.csproj", "{C44F41DC-A582-442B-B0F6-9E831B468929}"
EndProject
Global
	GlobalSection(SolutionConfigurationPlatforms) = preSolution
		Debug|Any CPU = Debug|Any CPU
		Release|Any CPU = Release|Any CPU
	EndGlobalSection
	GlobalSection(ProjectConfigurationPlatforms) = postSolution
		{C44F41DC-A582-442B-B0F6-9E831B468929}.Debug|Any CPU.ActiveCfg = Debug|Any CPU
		{C44F41DC-A582-442B-B0F6-9E831B468929}.Debug|Any CPU.Build.0 = Debug|Any CPU
		{C44F41DC-A582-442B-B0F6-9E831B468929}.Release|Any CPU.ActiveCfg = Release|Any CPU
		{C44F41DC-A582-442B-B0F6-9E831B468929}.Release|Any CPU.Build.0 = Release|Any CPU
	EndGlobalSection
	GlobalSection(SolutionProperties) = preSolution
		HideSolutionNode = FALSE
	EndGlobalSection
	GlobalSection(ExtensibilityGlobals) = postSolution
		SolutionGuid = {9B674FF1-7934-443C-92BA-71BA4BE5DC16}
	EndGlobalSection
EndGlobal
